
Microsoft Visual Studio Solution File, Format Version 12.00
# Visual Studio 2013
VisualStudioVersion = 12.0.31101.0
MinimumVisualStudioVersion = 10.0.40219.1
Project("{FAE04EC0-301F-11D3-BF4B-00C04F79EFBC}") = "Ajuz.SmartTextEditor", "Ajuz.SmartTextEditor\Ajuz.SmartTextEditor.csproj", "{849775F1-489F-48E6-87FB-E68482160D1B}"
EndProject
Project("{FAE04EC0-301F-11D3-BF4B-00C04F79EFBC}") = "Ajuz.SmartTextEditorTests", "Ajuz.SmartTextEditorTests\Ajuz.SmartTextEditorTests.csproj", "{8E45EAFC-9642-42AC-80CD-076D43ADAE79}"
EndProject
Project("{FAE04EC0-301F-11D3-BF4B-00C04F79EFBC}") = "Ajuz.SmartTextEditor.Standalone", "Ajuz.SmartTextEditor.Standalone\Ajuz.SmartTextEditor.Standalone.csproj", "{2C4AF0A0-268A-4E3B-9F9E-BEAAE168CA19}"
EndProject
Project("{FAE04EC0-301F-11D3-BF4B-00C04F79EFBC}") = "Ajuz.SmartTextEditor.StandaloneTests", "Ajuz.SmartTextEditor.StandaloneTests\Ajuz.SmartTextEditor.StandaloneTests.csproj", "{A16FB293-F67F-4476-A7EF-B95569CF13FE}"
EndProject
Global
	GlobalSection(SolutionConfigurationPlatforms) = preSolution
		Debug|Any CPU = Debug|Any CPU
		Release|Any CPU = Release|Any CPU
	EndGlobalSection
	GlobalSection(ProjectConfigurationPlatforms) = postSolution
		{849775F1-489F-48E6-87FB-E68482160D1B}.Debug|Any CPU.ActiveCfg = Debug|Any CPU
		{849775F1-489F-48E6-87FB-E68482160D1B}.Debug|Any CPU.Build.0 = Debug|Any CPU
		{849775F1-489F-48E6-87FB-E68482160D1B}.Release|Any CPU.ActiveCfg = Release|Any CPU
		{849775F1-489F-48E6-87FB-E68482160D1B}.Release|Any CPU.Build.0 = Release|Any CPU
		{8E45EAFC-9642-42AC-80CD-076D43ADAE79}.Debug|Any CPU.ActiveCfg = Debug|Any CPU
		{8E45EAFC-9642-42AC-80CD-076D43ADAE79}.Debug|Any CPU.Build.0 = Debug|Any CPU
		{8E45EAFC-9642-42AC-80CD-076D43ADAE79}.Release|Any CPU.ActiveCfg = Release|Any CPU
		{8E45EAFC-9642-42AC-80CD-076D43ADAE79}.Release|Any CPU.Build.0 = Release|Any CPU
		{2C4AF0A0-268A-4E3B-9F9E-BEAAE168CA19}.Debug|Any CPU.ActiveCfg = Debug|Any CPU
		{2C4AF0A0-268A-4E3B-9F9E-BEAAE168CA19}.Debug|Any CPU.Build.0 = Debug|Any CPU
		{2C4AF0A0-268A-4E3B-9F9E-BEAAE168CA19}.Release|Any CPU.ActiveCfg = Release|Any CPU
		{2C4AF0A0-268A-4E3B-9F9E-BEAAE168CA19}.Release|Any CPU.Build.0 = Release|Any CPU
		{A16FB293-F67F-4476-A7EF-B95569CF13FE}.Debug|Any CPU.ActiveCfg = Debug|Any CPU
		{A16FB293-F67F-4476-A7EF-B95569CF13FE}.Debug|Any CPU.Build.0 = Debug|Any CPU
		{A16FB293-F67F-4476-A7EF-B95569CF13FE}.Release|Any CPU.ActiveCfg = Release|Any CPU
		{A16FB293-F67F-4476-A7EF-B95569CF13FE}.Release|Any CPU.Build.0 = Release|Any CPU
	EndGlobalSection
	GlobalSection(SolutionProperties) = preSolution
		HideSolutionNode = FALSE
	EndGlobalSection
EndGlobal
